
Microsoft Visual Studio Solution File, Format Version 12.00
# Visual Studio Version 17
VisualStudioVersion = 17.3.32825.248
MinimumVisualStudioVersion = 10.0.40219.1
Project("{9A19103F-16F7-4668-BE54-9A1E7A4F7556}") = "order-service", "order-service.csproj", "{92DE8EF4-A04E-4262-A880-27787CC5FAE9}"
EndProject
Global
	GlobalSection(SolutionConfigurationPlatforms) = preSolution
		Debug|Any CPU = Debug|Any CPU
		Release|Any CPU = Release|Any CPU
	EndGlobalSection
	GlobalSection(ProjectConfigurationPlatforms) = postSolution
		{92DE8EF4-A04E-4262-A880-27787CC5FAE9}.Debug|Any CPU.ActiveCfg = Debug|Any CPU
		{92DE8EF4-A04E-4262-A880-27787CC5FAE9}.Debug|Any CPU.Build.0 = Debug|Any CPU
		{92DE8EF4-A04E-4262-A880-27787CC5FAE9}.Release|Any CPU.ActiveCfg = Release|Any CPU
		{92DE8EF4-A04E-4262-A880-27787CC5FAE9}.Release|Any CPU.Build.0 = Release|Any CPU
	EndGlobalSection
	GlobalSection(SolutionProperties) = preSolution
		HideSolutionNode = FALSE
	EndGlobalSection
	GlobalSection(ExtensibilityGlobals) = postSolution
		SolutionGuid = {B41CCE05-9777-420A-94B4-05767ED5682D}
	EndGlobalSection
EndGlobal
